// !$*UTF8*$!
{
	archiveVersion = 1;
	classes = {
	};
	objectVersion = 46;
	objects = {

/* Begin PBXBuildFile section */
		0B96297F156C55AA00364573 /* UIKit.framework in Frameworks */ = {isa = PBXBuildFile; fileRef = 0B96297E156C55AA00364573 /* UIKit.framework */; };
		0B962981156C55AA00364573 /* Foundation.framework in Frameworks */ = {isa = PBXBuildFile; fileRef = 0B962980156C55AA00364573 /* Foundation.framework */; };
		0B962983156C55AA00364573 /* CoreGraphics.framework in Frameworks */ = {isa = PBXBuildFile; fileRef = 0B962982156C55AA00364573 /* CoreGraphics.framework */; };
		0B962985156C55AA00364573 /* GLKit.framework in Frameworks */ = {isa = PBXBuildFile; fileRef = 0B962984156C55AA00364573 /* GLKit.framework */; };
		0B962987156C55AA00364573 /* OpenGLES.framework in Frameworks */ = {isa = PBXBuildFile; fileRef = 0B962986156C55AA00364573 /* OpenGLES.framework */; };
		0B96298D156C55AA00364573 /* InfoPlist.strings in Resources */ = {isa = PBXBuildFile; fileRef = 0B96298B156C55AA00364573 /* InfoPlist.strings */; };
		0B96298F156C55AA00364573 /* main.m in Sources */ = {isa = PBXBuildFile; fileRef = 0B96298E156C55AA00364573 /* main.m */; };
		0B962993156C55AA00364573 /* AppDelegate.m in Sources */ = {isa = PBXBuildFile; fileRef = 0B962992156C55AA00364573 /* AppDelegate.m */; };
		0B962995156C55AA00364573 /* Shader.fsh in Resources */ = {isa = PBXBuildFile; fileRef = 0B962994156C55AA00364573 /* Shader.fsh */; };
		0B962997156C55AA00364573 /* Shader.vsh in Resources */ = {isa = PBXBuildFile; fileRef = 0B962996156C55AA00364573 /* Shader.vsh */; };
		0B96299A156C55AA00364573 /* ViewController.m in Sources */ = {isa = PBXBuildFile; fileRef = 0B962999156C55AA00364573 /* ViewController.m */; };
		0B96299D156C55AA00364573 /* ViewController.xib in Resources */ = {isa = PBXBuildFile; fileRef = 0B96299B156C55AA00364573 /* ViewController.xib */; };
		0B9629B2156C57B300364573 /* 1interwebs@2x.png in Resources */ = {isa = PBXBuildFile; fileRef = 0B9629A4156C57B300364573 /* 1interwebs@2x.png */; };
		0B9629BA156C57B300364573 /* tilefloor@2x.png in Resources */ = {isa = PBXBuildFile; fileRef = 0B9629AC156C57B300364573 /* tilefloor@2x.png */; };
		0B9629BC156C57B300364573 /* tilewall@2x.png in Resources */ = {isa = PBXBuildFile; fileRef = 0B9629AE156C57B300364573 /* tilewall@2x.png */; };
		0B9629C1156C588600364573 /* SpriteHandler.m in Sources */ = {isa = PBXBuildFile; fileRef = 0B9629C0156C588600364573 /* SpriteHandler.m */; };
		0B9629CD156C7CC900364573 /* MapHandler.m in Sources */ = {isa = PBXBuildFile; fileRef = 0B9629CA156C7CC900364573 /* MapHandler.m */; };
		0B9629CE156C7CC900364573 /* MapObjectLinkedList.m in Sources */ = {isa = PBXBuildFile; fileRef = 0B9629CC156C7CC900364573 /* MapObjectLinkedList.m */; };
		0B9629D1156C7CD300364573 /* MapObject.m in Sources */ = {isa = PBXBuildFile; fileRef = 0B9629D0156C7CD300364573 /* MapObject.m */; };
		0B9629D3156C84F100364573 /* QuartzCore.framework in Frameworks */ = {isa = PBXBuildFile; fileRef = 0B9629D2156C84F100364573 /* QuartzCore.framework */; };
		0BD76C9B156F13F20013340F /* HUDNotificationHandler.m in Sources */ = {isa = PBXBuildFile; fileRef = 0BD76C9A156F13F20013340F /* HUDNotificationHandler.m */; };
		0BD76C9E156F1A600013340F /* HUDMessageList.m in Sources */ = {isa = PBXBuildFile; fileRef = 0BD76C9D156F1A600013340F /* HUDMessageList.m */; };
		0BD76CC0156F27CE0013340F /* mofont-5.png in Resources */ = {isa = PBXBuildFile; fileRef = 0BD76CA0156F27CE0013340F /* mofont-5.png */; };
		0BD76CC1156F27CE0013340F /* mofont-6.png in Resources */ = {isa = PBXBuildFile; fileRef = 0BD76CA1156F27CE0013340F /* mofont-6.png */; };
		0BD76CC2156F27CE0013340F /* mofont-7.png in Resources */ = {isa = PBXBuildFile; fileRef = 0BD76CA2156F27CE0013340F /* mofont-7.png */; };
		0BD76CC3156F27CE0013340F /* mofont-8.png in Resources */ = {isa = PBXBuildFile; fileRef = 0BD76CA3156F27CE0013340F /* mofont-8.png */; };
		0BD76CC4156F27CE0013340F /* mofont-9.png in Resources */ = {isa = PBXBuildFile; fileRef = 0BD76CA4156F27CE0013340F /* mofont-9.png */; };
		0BD76CC5156F27CE0013340F /* mofont-A.png in Resources */ = {isa = PBXBuildFile; fileRef = 0BD76CA5156F27CE0013340F /* mofont-A.png */; };
		0BD76CC6156F27CE0013340F /* mofont-B.png in Resources */ = {isa = PBXBuildFile; fileRef = 0BD76CA6156F27CE0013340F /* mofont-B.png */; };
		0BD76CC7156F27CE0013340F /* mofont-C.png in Resources */ = {isa = PBXBuildFile; fileRef = 0BD76CA7156F27CE0013340F /* mofont-C.png */; };
		0BD76CC8156F27CE0013340F /* mofont-D.png in Resources */ = {isa = PBXBuildFile; fileRef = 0BD76CA8156F27CE0013340F /* mofont-D.png */; };
		0BD76CC9156F27CE0013340F /* mofont-E.png in Resources */ = {isa = PBXBuildFile; fileRef = 0BD76CA9156F27CE0013340F /* mofont-E.png */; };
		0BD76CCA156F27CE0013340F /* mofont-F.png in Resources */ = {isa = PBXBuildFile; fileRef = 0BD76CAA156F27CE0013340F /* mofont-F.png */; };
		0BD76CCB156F27CE0013340F /* mofont-G.png in Resources */ = {isa = PBXBuildFile; fileRef = 0BD76CAB156F27CE0013340F /* mofont-G.png */; };
		0BD76CCC156F27CE0013340F /* mofont-H.png in Resources */ = {isa = PBXBuildFile; fileRef = 0BD76CAC156F27CE0013340F /* mofont-H.png */; };
		0BD76CCD156F27CE0013340F /* mofont-I.png in Resources */ = {isa = PBXBuildFile; fileRef = 0BD76CAD156F27CE0013340F /* mofont-I.png */; };
		0BD76CCE156F27CE0013340F /* mofont-J.png in Resources */ = {isa = PBXBuildFile; fileRef = 0BD76CAE156F27CE0013340F /* mofont-J.png */; };
		0BD76CCF156F27CE0013340F /* mofont-K.png in Resources */ = {isa = PBXBuildFile; fileRef = 0BD76CAF156F27CE0013340F /* mofont-K.png */; };
		0BD76CD0156F27CE0013340F /* mofont-L.png in Resources */ = {isa = PBXBuildFile; fileRef = 0BD76CB0156F27CE0013340F /* mofont-L.png */; };
		0BD76CD1156F27CE0013340F /* mofont-M.png in Resources */ = {isa = PBXBuildFile; fileRef = 0BD76CB1156F27CE0013340F /* mofont-M.png */; };
		0BD76CD2156F27CE0013340F /* mofont-N.png in Resources */ = {isa = PBXBuildFile; fileRef = 0BD76CB2156F27CE0013340F /* mofont-N.png */; };
		0BD76CD3156F27CE0013340F /* mofont-O.png in Resources */ = {isa = PBXBuildFile; fileRef = 0BD76CB3156F27CE0013340F /* mofont-O.png */; };
		0BD76CD4156F27CE0013340F /* mofont-P.png in Resources */ = {isa = PBXBuildFile; fileRef = 0BD76CB4156F27CE0013340F /* mofont-P.png */; };
		0BD76CD5156F27CE0013340F /* mofont-period.png in Resources */ = {isa = PBXBuildFile; fileRef = 0BD76CB5156F27CE0013340F /* mofont-period.png */; };
		0BD76CD6156F27CE0013340F /* mofont-Q.png in Resources */ = {isa = PBXBuildFile; fileRef = 0BD76CB6156F27CE0013340F /* mofont-Q.png */; };
		0BD76CD7156F27CE0013340F /* mofont-R.png in Resources */ = {isa = PBXBuildFile; fileRef = 0BD76CB7156F27CE0013340F /* mofont-R.png */; };
		0BD76CD8156F27CE0013340F /* mofont-S.png in Resources */ = {isa = PBXBuildFile; fileRef = 0BD76CB8156F27CE0013340F /* mofont-S.png */; };
		0BD76CD9156F27CE0013340F /* mofont-T.png in Resources */ = {isa = PBXBuildFile; fileRef = 0BD76CB9156F27CE0013340F /* mofont-T.png */; };
		0BD76CDA156F27CE0013340F /* mofont-U.png in Resources */ = {isa = PBXBuildFile; fileRef = 0BD76CBA156F27CE0013340F /* mofont-U.png */; };
		0BD76CDB156F27CE0013340F /* mofont-V.png in Resources */ = {isa = PBXBuildFile; fileRef = 0BD76CBB156F27CE0013340F /* mofont-V.png */; };
		0BD76CDC156F27CE0013340F /* mofont-W.png in Resources */ = {isa = PBXBuildFile; fileRef = 0BD76CBC156F27CE0013340F /* mofont-W.png */; };
		0BD76CDD156F27CE0013340F /* mofont-X.png in Resources */ = {isa = PBXBuildFile; fileRef = 0BD76CBD156F27CE0013340F /* mofont-X.png */; };
		0BD76CDE156F27CE0013340F /* mofont-Y.png in Resources */ = {isa = PBXBuildFile; fileRef = 0BD76CBE156F27CE0013340F /* mofont-Y.png */; };
		0BD76CDF156F27CE0013340F /* mofont-Z.png in Resources */ = {isa = PBXBuildFile; fileRef = 0BD76CBF156F27CE0013340F /* mofont-Z.png */; };
		0BD76CE1156F287B0013340F /* mofont-!.png in Resources */ = {isa = PBXBuildFile; fileRef = 0BD76CE0156F287B0013340F /* mofont-!.png */; };
		0BD76CE6156F2D0F0013340F /* mofont-3.png in Resources */ = {isa = PBXBuildFile; fileRef = 0BD76CE2156F2D0D0013340F /* mofont-3.png */; };
		0BD76CE7156F2D0F0013340F /* mofont-2.png in Resources */ = {isa = PBXBuildFile; fileRef = 0BD76CE3156F2D0D0013340F /* mofont-2.png */; };
		0BD76CE8156F2D0F0013340F /* mofont-4.png in Resources */ = {isa = PBXBuildFile; fileRef = 0BD76CE4156F2D0E0013340F /* mofont-4.png */; };
		0BD76CE9156F2D0F0013340F /* mofont-1.png in Resources */ = {isa = PBXBuildFile; fileRef = 0BD76CE5156F2D0E0013340F /* mofont-1.png */; };
		0BD76CEB156F2D620013340F /* mofont-0.png in Resources */ = {isa = PBXBuildFile; fileRef = 0BD76CEA156F2D610013340F /* mofont-0.png */; };
		0BEA4B4D156D8D6400B24931 /* player_dumb.png in Resources */ = {isa = PBXBuildFile; fileRef = 0BEA4B48156D8D6400B24931 /* player_dumb.png */; };
		0BEA4B4E156D8D6400B24931 /* player_normal.png in Resources */ = {isa = PBXBuildFile; fileRef = 0BEA4B49156D8D6400B24931 /* player_normal.png */; };
		0BEA4B4F156D8D6400B24931 /* player_superhappy.png in Resources */ = {isa = PBXBuildFile; fileRef = 0BEA4B4A156D8D6400B24931 /* player_superhappy.png */; };
		0BEA4B50156D8D6400B24931 /* player_happy.png in Resources */ = {isa = PBXBuildFile; fileRef = 0BEA4B4B156D8D6400B24931 /* player_happy.png */; };
		0BEA4B51156D8D6400B24931 /* npc_troll_normal.png in Resources */ = {isa = PBXBuildFile; fileRef = 0BEA4B4C156D8D6400B24931 /* npc_troll_normal.png */; };
		0BEA4B54156D9F3300B24931 /* WayPointList.m in Sources */ = {isa = PBXBuildFile; fileRef = 0BEA4B53156D9F3300B24931 /* WayPointList.m */; };
/* End PBXBuildFile section */

/* Begin PBXFileReference section */
		0B96297A156C55AA00364573 /* InternetFinderGL.app */ = {isa = PBXFileReference; explicitFileType = wrapper.application; includeInIndex = 0; path = InternetFinderGL.app; sourceTree = BUILT_PRODUCTS_DIR; };
		0B96297E156C55AA00364573 /* UIKit.framework */ = {isa = PBXFileReference; lastKnownFileType = wrapper.framework; name = UIKit.framework; path = System/Library/Frameworks/UIKit.framework; sourceTree = SDKROOT; };
		0B962980156C55AA00364573 /* Foundation.framework */ = {isa = PBXFileReference; lastKnownFileType = wrapper.framework; name = Foundation.framework; path = System/Library/Frameworks/Foundation.framework; sourceTree = SDKROOT; };
		0B962982156C55AA00364573 /* CoreGraphics.framework */ = {isa = PBXFileReference; lastKnownFileType = wrapper.framework; name = CoreGraphics.framework; path = System/Library/Frameworks/CoreGraphics.framework; sourceTree = SDKROOT; };
		0B962984156C55AA00364573 /* GLKit.framework */ = {isa = PBXFileReference; lastKnownFileType = wrapper.framework; name = GLKit.framework; path = System/Library/Frameworks/GLKit.framework; sourceTree = SDKROOT; };
		0B962986156C55AA00364573 /* OpenGLES.framework */ = {isa = PBXFileReference; lastKnownFileType = wrapper.framework; name = OpenGLES.framework; path = System/Library/Frameworks/OpenGLES.framework; sourceTree = SDKROOT; };
		0B96298A156C55AA00364573 /* InternetFinderGL-Info.plist */ = {isa = PBXFileReference; lastKnownFileType = text.plist.xml; path = "InternetFinderGL-Info.plist"; sourceTree = "<group>"; };
		0B96298C156C55AA00364573 /* en */ = {isa = PBXFileReference; lastKnownFileType = text.plist.strings; name = en; path = en.lproj/InfoPlist.strings; sourceTree = "<group>"; };
		0B96298E156C55AA00364573 /* main.m */ = {isa = PBXFileReference; lastKnownFileType = sourcecode.c.objc; path = main.m; sourceTree = "<group>"; };
		0B962990156C55AA00364573 /* InternetFinderGL-Prefix.pch */ = {isa = PBXFileReference; lastKnownFileType = sourcecode.c.h; path = "InternetFinderGL-Prefix.pch"; sourceTree = "<group>"; };
		0B962991156C55AA00364573 /* AppDelegate.h */ = {isa = PBXFileReference; lastKnownFileType = sourcecode.c.h; path = AppDelegate.h; sourceTree = "<group>"; };
		0B962992156C55AA00364573 /* AppDelegate.m */ = {isa = PBXFileReference; lastKnownFileType = sourcecode.c.objc; path = AppDelegate.m; sourceTree = "<group>"; };
		0B962994156C55AA00364573 /* Shader.fsh */ = {isa = PBXFileReference; lastKnownFileType = sourcecode.glsl; name = Shader.fsh; path = Shaders/Shader.fsh; sourceTree = "<group>"; };
		0B962996156C55AA00364573 /* Shader.vsh */ = {isa = PBXFileReference; lastKnownFileType = sourcecode.glsl; name = Shader.vsh; path = Shaders/Shader.vsh; sourceTree = "<group>"; };
		0B962998156C55AA00364573 /* ViewController.h */ = {isa = PBXFileReference; lastKnownFileType = sourcecode.c.h; path = ViewController.h; sourceTree = "<group>"; };
		0B962999156C55AA00364573 /* ViewController.m */ = {isa = PBXFileReference; lastKnownFileType = sourcecode.c.objc; path = ViewController.m; sourceTree = "<group>"; };
		0B96299C156C55AA00364573 /* en */ = {isa = PBXFileReference; lastKnownFileType = file.xib; name = en; path = en.lproj/ViewController.xib; sourceTree = "<group>"; };
		0B9629A4156C57B300364573 /* 1interwebs@2x.png */ = {isa = PBXFileReference; lastKnownFileType = image.png; path = "1interwebs@2x.png"; sourceTree = "<group>"; };
		0B9629AC156C57B300364573 /* tilefloor@2x.png */ = {isa = PBXFileReference; lastKnownFileType = image.png; path = "tilefloor@2x.png"; sourceTree = "<group>"; };
		0B9629AE156C57B300364573 /* tilewall@2x.png */ = {isa = PBXFileReference; lastKnownFileType = image.png; path = "tilewall@2x.png"; sourceTree = "<group>"; };
		0B9629BF156C588600364573 /* SpriteHandler.h */ = {isa = PBXFileReference; fileEncoding = 4; lastKnownFileType = sourcecode.c.h; path = SpriteHandler.h; sourceTree = "<group>"; };
		0B9629C0156C588600364573 /* SpriteHandler.m */ = {isa = PBXFileReference; fileEncoding = 4; lastKnownFileType = sourcecode.c.objc; path = SpriteHandler.m; sourceTree = "<group>"; };
		0B9629C9156C7CC900364573 /* MapHandler.h */ = {isa = PBXFileReference; fileEncoding = 4; lastKnownFileType = sourcecode.c.h; path = MapHandler.h; sourceTree = "<group>"; };
		0B9629CA156C7CC900364573 /* MapHandler.m */ = {isa = PBXFileReference; fileEncoding = 4; lastKnownFileType = sourcecode.c.objc; path = MapHandler.m; sourceTree = "<group>"; };
		0B9629CB156C7CC900364573 /* MapObjectLinkedList.h */ = {isa = PBXFileReference; fileEncoding = 4; lastKnownFileType = sourcecode.c.h; path = MapObjectLinkedList.h; sourceTree = "<group>"; };
		0B9629CC156C7CC900364573 /* MapObjectLinkedList.m */ = {isa = PBXFileReference; fileEncoding = 4; lastKnownFileType = sourcecode.c.objc; path = MapObjectLinkedList.m; sourceTree = "<group>"; };
		0B9629CF156C7CD200364573 /* MapObject.h */ = {isa = PBXFileReference; fileEncoding = 4; lastKnownFileType = sourcecode.c.h; path = MapObject.h; sourceTree = "<group>"; };
		0B9629D0156C7CD300364573 /* MapObject.m */ = {isa = PBXFileReference; fileEncoding = 4; lastKnownFileType = sourcecode.c.objc; path = MapObject.m; sourceTree = "<group>"; };
		0B9629D2156C84F100364573 /* QuartzCore.framework */ = {isa = PBXFileReference; lastKnownFileType = wrapper.framework; name = QuartzCore.framework; path = System/Library/Frameworks/QuartzCore.framework; sourceTree = SDKROOT; };
		0BD76C99156F13F20013340F /* HUDNotificationHandler.h */ = {isa = PBXFileReference; fileEncoding = 4; lastKnownFileType = sourcecode.c.h; path = HUDNotificationHandler.h; sourceTree = "<group>"; };
		0BD76C9A156F13F20013340F /* HUDNotificationHandler.m */ = {isa = PBXFileReference; fileEncoding = 4; lastKnownFileType = sourcecode.c.objc; path = HUDNotificationHandler.m; sourceTree = "<group>"; };
		0BD76C9C156F1A600013340F /* HUDMessageList.h */ = {isa = PBXFileReference; fileEncoding = 4; lastKnownFileType = sourcecode.c.h; path = HUDMessageList.h; sourceTree = "<group>"; };
		0BD76C9D156F1A600013340F /* HUDMessageList.m */ = {isa = PBXFileReference; fileEncoding = 4; lastKnownFileType = sourcecode.c.objc; path = HUDMessageList.m; sourceTree = "<group>"; };
		0BD76CA0156F27CE0013340F /* mofont-5.png */ = {isa = PBXFileReference; lastKnownFileType = image.png; path = "mofont-5.png"; sourceTree = "<group>"; };
		0BD76CA1156F27CE0013340F /* mofont-6.png */ = {isa = PBXFileReference; lastKnownFileType = image.png; path = "mofont-6.png"; sourceTree = "<group>"; };
		0BD76CA2156F27CE0013340F /* mofont-7.png */ = {isa = PBXFileReference; lastKnownFileType = image.png; path = "mofont-7.png"; sourceTree = "<group>"; };
		0BD76CA3156F27CE0013340F /* mofont-8.png */ = {isa = PBXFileReference; lastKnownFileType = image.png; path = "mofont-8.png"; sourceTree = "<group>"; };
		0BD76CA4156F27CE0013340F /* mofont-9.png */ = {isa = PBXFileReference; lastKnownFileType = image.png; path = "mofont-9.png"; sourceTree = "<group>"; };
		0BD76CA5156F27CE0013340F /* mofont-A.png */ = {isa = PBXFileReference; lastKnownFileType = image.png; path = "mofont-A.png"; sourceTree = "<group>"; };
		0BD76CA6156F27CE0013340F /* mofont-B.png */ = {isa = PBXFileReference; lastKnownFileType = image.png; path = "mofont-B.png"; sourceTree = "<group>"; };
		0BD76CA7156F27CE0013340F /* mofont-C.png */ = {isa = PBXFileReference; lastKnownFileType = image.png; path = "mofont-C.png"; sourceTree = "<group>"; };
		0BD76CA8156F27CE0013340F /* mofont-D.png */ = {isa = PBXFileReference; lastKnownFileType = image.png; path = "mofont-D.png"; sourceTree = "<group>"; };
		0BD76CA9156F27CE0013340F /* mofont-E.png */ = {isa = PBXFileReference; lastKnownFileType = image.png; path = "mofont-E.png"; sourceTree = "<group>"; };
		0BD76CAA156F27CE0013340F /* mofont-F.png */ = {isa = PBXFileReference; lastKnownFileType = image.png; path = "mofont-F.png"; sourceTree = "<group>"; };
		0BD76CAB156F27CE0013340F /* mofont-G.png */ = {isa = PBXFileReference; lastKnownFileType = image.png; path = "mofont-G.png"; sourceTree = "<group>"; };
		0BD76CAC156F27CE0013340F /* mofont-H.png */ = {isa = PBXFileReference; lastKnownFileType = image.png; path = "mofont-H.png"; sourceTree = "<group>"; };
		0BD76CAD156F27CE0013340F /* mofont-I.png */ = {isa = PBXFileReference; lastKnownFileType = image.png; path = "mofont-I.png"; sourceTree = "<group>"; };
		0BD76CAE156F27CE0013340F /* mofont-J.png */ = {isa = PBXFileReference; lastKnownFileType = image.png; path = "mofont-J.png"; sourceTree = "<group>"; };
		0BD76CAF156F27CE0013340F /* mofont-K.png */ = {isa = PBXFileReference; lastKnownFileType = image.png; path = "mofont-K.png"; sourceTree = "<group>"; };
		0BD76CB0156F27CE0013340F /* mofont-L.png */ = {isa = PBXFileReference; lastKnownFileType = image.png; path = "mofont-L.png"; sourceTree = "<group>"; };
		0BD76CB1156F27CE0013340F /* mofont-M.png */ = {isa = PBXFileReference; lastKnownFileType = image.png; path = "mofont-M.png"; sourceTree = "<group>"; };
		0BD76CB2156F27CE0013340F /* mofont-N.png */ = {isa = PBXFileReference; lastKnownFileType = image.png; path = "mofont-N.png"; sourceTree = "<group>"; };
		0BD76CB3156F27CE0013340F /* mofont-O.png */ = {isa = PBXFileReference; lastKnownFileType = image.png; path = "mofont-O.png"; sourceTree = "<group>"; };
		0BD76CB4156F27CE0013340F /* mofont-P.png */ = {isa = PBXFileReference; lastKnownFileType = image.png; path = "mofont-P.png"; sourceTree = "<group>"; };
		0BD76CB5156F27CE0013340F /* mofont-period.png */ = {isa = PBXFileReference; lastKnownFileType = image.png; path = "mofont-period.png"; sourceTree = "<group>"; };
		0BD76CB6156F27CE0013340F /* mofont-Q.png */ = {isa = PBXFileReference; lastKnownFileType = image.png; path = "mofont-Q.png"; sourceTree = "<group>"; };
		0BD76CB7156F27CE0013340F /* mofont-R.png */ = {isa = PBXFileReference; lastKnownFileType = image.png; path = "mofont-R.png"; sourceTree = "<group>"; };
		0BD76CB8156F27CE0013340F /* mofont-S.png */ = {isa = PBXFileReference; lastKnownFileType = image.png; path = "mofont-S.png"; sourceTree = "<group>"; };
		0BD76CB9156F27CE0013340F /* mofont-T.png */ = {isa = PBXFileReference; lastKnownFileType = image.png; path = "mofont-T.png"; sourceTree = "<group>"; };
		0BD76CBA156F27CE0013340F /* mofont-U.png */ = {isa = PBXFileReference; lastKnownFileType = image.png; path = "mofont-U.png"; sourceTree = "<group>"; };
		0BD76CBB156F27CE0013340F /* mofont-V.png */ = {isa = PBXFileReference; lastKnownFileType = image.png; path = "mofont-V.png"; sourceTree = "<group>"; };
		0BD76CBC156F27CE0013340F /* mofont-W.png */ = {isa = PBXFileReference; lastKnownFileType = image.png; path = "mofont-W.png"; sourceTree = "<group>"; };
		0BD76CBD156F27CE0013340F /* mofont-X.png */ = {isa = PBXFileReference; lastKnownFileType = image.png; path = "mofont-X.png"; sourceTree = "<group>"; };
		0BD76CBE156F27CE0013340F /* mofont-Y.png */ = {isa = PBXFileReference; lastKnownFileType = image.png; path = "mofont-Y.png"; sourceTree = "<group>"; };
		0BD76CBF156F27CE0013340F /* mofont-Z.png */ = {isa = PBXFileReference; lastKnownFileType = image.png; path = "mofont-Z.png"; sourceTree = "<group>"; };
		0BD76CE0156F287B0013340F /* mofont-!.png */ = {isa = PBXFileReference; lastKnownFileType = image.png; path = "mofont-!.png"; sourceTree = "<group>"; };
		0BD76CE2156F2D0D0013340F /* mofont-3.png */ = {isa = PBXFileReference; lastKnownFileType = image.png; path = "mofont-3.png"; sourceTree = "<group>"; };
		0BD76CE3156F2D0D0013340F /* mofont-2.png */ = {isa = PBXFileReference; lastKnownFileType = image.png; path = "mofont-2.png"; sourceTree = "<group>"; };
		0BD76CE4156F2D0E0013340F /* mofont-4.png */ = {isa = PBXFileReference; lastKnownFileType = image.png; path = "mofont-4.png"; sourceTree = "<group>"; };
		0BD76CE5156F2D0E0013340F /* mofont-1.png */ = {isa = PBXFileReference; lastKnownFileType = image.png; path = "mofont-1.png"; sourceTree = "<group>"; };
		0BD76CEA156F2D610013340F /* mofont-0.png */ = {isa = PBXFileReference; lastKnownFileType = image.png; path = "mofont-0.png"; sourceTree = "<group>"; };
		0BEA4B48156D8D6400B24931 /* player_dumb.png */ = {isa = PBXFileReference; lastKnownFileType = image.png; path = player_dumb.png; sourceTree = "<group>"; };
		0BEA4B49156D8D6400B24931 /* player_normal.png */ = {isa = PBXFileReference; lastKnownFileType = image.png; path = player_normal.png; sourceTree = "<group>"; };
		0BEA4B4A156D8D6400B24931 /* player_superhappy.png */ = {isa = PBXFileReference; lastKnownFileType = image.png; path = player_superhappy.png; sourceTree = "<group>"; };
		0BEA4B4B156D8D6400B24931 /* player_happy.png */ = {isa = PBXFileReference; lastKnownFileType = image.png; path = player_happy.png; sourceTree = "<group>"; };
		0BEA4B4C156D8D6400B24931 /* npc_troll_normal.png */ = {isa = PBXFileReference; lastKnownFileType = image.png; path = npc_troll_normal.png; sourceTree = "<group>"; };
		0BEA4B52156D9F3300B24931 /* WayPointList.h */ = {isa = PBXFileReference; fileEncoding = 4; lastKnownFileType = sourcecode.c.h; path = WayPointList.h; sourceTree = "<group>"; };
		0BEA4B53156D9F3300B24931 /* WayPointList.m */ = {isa = PBXFileReference; fileEncoding = 4; lastKnownFileType = sourcecode.c.objc; path = WayPointList.m; sourceTree = "<group>"; };
/* End PBXFileReference section */

/* Begin PBXFrameworksBuildPhase section */
		0B962977156C55AA00364573 /* Frameworks */ = {
			isa = PBXFrameworksBuildPhase;
			buildActionMask = 2147483647;
			files = (
				0B9629D3156C84F100364573 /* QuartzCore.framework in Frameworks */,
				0B96297F156C55AA00364573 /* UIKit.framework in Frameworks */,
				0B962981156C55AA00364573 /* Foundation.framework in Frameworks */,
				0B962983156C55AA00364573 /* CoreGraphics.framework in Frameworks */,
				0B962985156C55AA00364573 /* GLKit.framework in Frameworks */,
				0B962987156C55AA00364573 /* OpenGLES.framework in Frameworks */,
			);
			runOnlyForDeploymentPostprocessing = 0;
		};
/* End PBXFrameworksBuildPhase section */

/* Begin PBXGroup section */
		0B96296F156C55AA00364573 = {
			isa = PBXGroup;
			children = (
				0BD76C9F156F27B70013340F /* MoFont */,
				0BEA4B48156D8D6400B24931 /* player_dumb.png */,
				0BEA4B49156D8D6400B24931 /* player_normal.png */,
				0BEA4B4A156D8D6400B24931 /* player_superhappy.png */,
				0BEA4B4B156D8D6400B24931 /* player_happy.png */,
				0BEA4B4C156D8D6400B24931 /* npc_troll_normal.png */,
				0B9629D2156C84F100364573 /* QuartzCore.framework */,
				0B9629A4156C57B300364573 /* 1interwebs@2x.png */,
				0B9629AC156C57B300364573 /* tilefloor@2x.png */,
				0B9629AE156C57B300364573 /* tilewall@2x.png */,
				0B962988156C55AA00364573 /* InternetFinderGL */,
				0B96297D156C55AA00364573 /* Frameworks */,
				0B96297B156C55AA00364573 /* Products */,
			);
			sourceTree = "<group>";
		};
		0B96297B156C55AA00364573 /* Products */ = {
			isa = PBXGroup;
			children = (
				0B96297A156C55AA00364573 /* InternetFinderGL.app */,
			);
			name = Products;
			sourceTree = "<group>";
		};
		0B96297D156C55AA00364573 /* Frameworks */ = {
			isa = PBXGroup;
			children = (
				0B96297E156C55AA00364573 /* UIKit.framework */,
				0B962980156C55AA00364573 /* Foundation.framework */,
				0B962982156C55AA00364573 /* CoreGraphics.framework */,
				0B962984156C55AA00364573 /* GLKit.framework */,
				0B962986156C55AA00364573 /* OpenGLES.framework */,
			);
			name = Frameworks;
			sourceTree = "<group>";
		};
		0B962988156C55AA00364573 /* InternetFinderGL */ = {
			isa = PBXGroup;
			children = (
				0BEA4B52156D9F3300B24931 /* WayPointList.h */,
				0BEA4B53156D9F3300B24931 /* WayPointList.m */,
				0B9629CF156C7CD200364573 /* MapObject.h */,
				0B9629D0156C7CD300364573 /* MapObject.m */,
				0B9629C9156C7CC900364573 /* MapHandler.h */,
				0B9629CA156C7CC900364573 /* MapHandler.m */,
				0B9629CB156C7CC900364573 /* MapObjectLinkedList.h */,
				0B9629CC156C7CC900364573 /* MapObjectLinkedList.m */,
				0B962991156C55AA00364573 /* AppDelegate.h */,
				0B962992156C55AA00364573 /* AppDelegate.m */,
				0B962994156C55AA00364573 /* Shader.fsh */,
				0B962996156C55AA00364573 /* Shader.vsh */,
				0B962998156C55AA00364573 /* ViewController.h */,
				0B962999156C55AA00364573 /* ViewController.m */,
				0BD76C9C156F1A600013340F /* HUDMessageList.h */,
				0BD76C9D156F1A600013340F /* HUDMessageList.m */,
				0BD76C99156F13F20013340F /* HUDNotificationHandler.h */,
				0BD76C9A156F13F20013340F /* HUDNotificationHandler.m */,
				0B9629BF156C588600364573 /* SpriteHandler.h */,
				0B9629C0156C588600364573 /* SpriteHandler.m */,
				0B96299B156C55AA00364573 /* ViewController.xib */,
				0B962989156C55AA00364573 /* Supporting Files */,
			);
			path = InternetFinderGL;
			sourceTree = "<group>";
		};
		0B962989156C55AA00364573 /* Supporting Files */ = {
			isa = PBXGroup;
			children = (
				0B96298A156C55AA00364573 /* InternetFinderGL-Info.plist */,
				0B96298B156C55AA00364573 /* InfoPlist.strings */,
				0B96298E156C55AA00364573 /* main.m */,
				0B962990156C55AA00364573 /* InternetFinderGL-Prefix.pch */,
			);
			name = "Supporting Files";
			sourceTree = "<group>";
		};
		0BD76C9F156F27B70013340F /* MoFont */ = {
			isa = PBXGroup;
			children = (
				0BD76CEA156F2D610013340F /* mofont-0.png */,
				0BD76CE2156F2D0D0013340F /* mofont-3.png */,
				0BD76CE3156F2D0D0013340F /* mofont-2.png */,
				0BD76CE4156F2D0E0013340F /* mofont-4.png */,
				0BD76CE5156F2D0E0013340F /* mofont-1.png */,
				0BD76CE0156F287B0013340F /* mofont-!.png */,
				0BD76CA0156F27CE0013340F /* mofont-5.png */,
				0BD76CA1156F27CE0013340F /* mofont-6.png */,
				0BD76CA2156F27CE0013340F /* mofont-7.png */,
				0BD76CA3156F27CE0013340F /* mofont-8.png */,
				0BD76CA4156F27CE0013340F /* mofont-9.png */,
				0BD76CA5156F27CE0013340F /* mofont-A.png */,
				0BD76CA6156F27CE0013340F /* mofont-B.png */,
				0BD76CA7156F27CE0013340F /* mofont-C.png */,
				0BD76CA8156F27CE0013340F /* mofont-D.png */,
				0BD76CA9156F27CE0013340F /* mofont-E.png */,
				0BD76CAA156F27CE0013340F /* mofont-F.png */,
				0BD76CAB156F27CE0013340F /* mofont-G.png */,
				0BD76CAC156F27CE0013340F /* mofont-H.png */,
				0BD76CAD156F27CE0013340F /* mofont-I.png */,
				0BD76CAE156F27CE0013340F /* mofont-J.png */,
				0BD76CAF156F27CE0013340F /* mofont-K.png */,
				0BD76CB0156F27CE0013340F /* mofont-L.png */,
				0BD76CB1156F27CE0013340F /* mofont-M.png */,
				0BD76CB2156F27CE0013340F /* mofont-N.png */,
				0BD76CB3156F27CE0013340F /* mofont-O.png */,
				0BD76CB4156F27CE0013340F /* mofont-P.png */,
				0BD76CB5156F27CE0013340F /* mofont-period.png */,
				0BD76CB6156F27CE0013340F /* mofont-Q.png */,
				0BD76CB7156F27CE0013340F /* mofont-R.png */,
				0BD76CB8156F27CE0013340F /* mofont-S.png */,
				0BD76CB9156F27CE0013340F /* mofont-T.png */,
				0BD76CBA156F27CE0013340F /* mofont-U.png */,
				0BD76CBB156F27CE0013340F /* mofont-V.png */,
				0BD76CBC156F27CE0013340F /* mofont-W.png */,
				0BD76CBD156F27CE0013340F /* mofont-X.png */,
				0BD76CBE156F27CE0013340F /* mofont-Y.png */,
				0BD76CBF156F27CE0013340F /* mofont-Z.png */,
			);
			name = MoFont;
			sourceTree = "<group>";
		};
/* End PBXGroup section */

/* Begin PBXNativeTarget section */
		0B962979156C55AA00364573 /* InternetFinderGL */ = {
			isa = PBXNativeTarget;
			buildConfigurationList = 0B9629A0156C55AA00364573 /* Build configuration list for PBXNativeTarget "InternetFinderGL" */;
			buildPhases = (
				0B962976156C55AA00364573 /* Sources */,
				0B962977156C55AA00364573 /* Frameworks */,
				0B962978156C55AA00364573 /* Resources */,
			);
			buildRules = (
			);
			dependencies = (
			);
			name = InternetFinderGL;
			productName = InternetFinderGL;
			productReference = 0B96297A156C55AA00364573 /* InternetFinderGL.app */;
			productType = "com.apple.product-type.application";
		};
/* End PBXNativeTarget section */

/* Begin PBXProject section */
		0B962971156C55AA00364573 /* Project object */ = {
			isa = PBXProject;
			attributes = {
				LastUpgradeCheck = 0430;
			};
			buildConfigurationList = 0B962974156C55AA00364573 /* Build configuration list for PBXProject "InternetFinderGL" */;
			compatibilityVersion = "Xcode 3.2";
			developmentRegion = English;
			hasScannedForEncodings = 0;
			knownRegions = (
				en,
			);
			mainGroup = 0B96296F156C55AA00364573;
			productRefGroup = 0B96297B156C55AA00364573 /* Products */;
			projectDirPath = "";
			projectRoot = "";
			targets = (
				0B962979156C55AA00364573 /* InternetFinderGL */,
			);
		};
/* End PBXProject section */

/* Begin PBXResourcesBuildPhase section */
		0B962978156C55AA00364573 /* Resources */ = {
			isa = PBXResourcesBuildPhase;
			buildActionMask = 2147483647;
			files = (
				0B96298D156C55AA00364573 /* InfoPlist.strings in Resources */,
				0B962995156C55AA00364573 /* Shader.fsh in Resources */,
				0B962997156C55AA00364573 /* Shader.vsh in Resources */,
				0B96299D156C55AA00364573 /* ViewController.xib in Resources */,
				0B9629B2156C57B300364573 /* 1interwebs@2x.png in Resources */,
				0B9629BA156C57B300364573 /* tilefloor@2x.png in Resources */,
				0B9629BC156C57B300364573 /* tilewall@2x.png in Resources */,
				0BEA4B4D156D8D6400B24931 /* player_dumb.png in Resources */,
				0BEA4B4E156D8D6400B24931 /* player_normal.png in Resources */,
				0BEA4B4F156D8D6400B24931 /* player_superhappy.png in Resources */,
				0BEA4B50156D8D6400B24931 /* player_happy.png in Resources */,
				0BEA4B51156D8D6400B24931 /* npc_troll_normal.png in Resources */,
				0BD76CC0156F27CE0013340F /* mofont-5.png in Resources */,
				0BD76CC1156F27CE0013340F /* mofont-6.png in Resources */,
				0BD76CC2156F27CE0013340F /* mofont-7.png in Resources */,
				0BD76CC3156F27CE0013340F /* mofont-8.png in Resources */,
				0BD76CC4156F27CE0013340F /* mofont-9.png in Resources */,
				0BD76CC5156F27CE0013340F /* mofont-A.png in Resources */,
				0BD76CC6156F27CE0013340F /* mofont-B.png in Resources */,
				0BD76CC7156F27CE0013340F /* mofont-C.png in Resources */,
				0BD76CC8156F27CE0013340F /* mofont-D.png in Resources */,
				0BD76CC9156F27CE0013340F /* mofont-E.png in Resources */,
				0BD76CCA156F27CE0013340F /* mofont-F.png in Resources */,
				0BD76CCB156F27CE0013340F /* mofont-G.png in Resources */,
				0BD76CCC156F27CE0013340F /* mofont-H.png in Resources */,
				0BD76CCD156F27CE0013340F /* mofont-I.png in Resources */,
				0BD76CCE156F27CE0013340F /* mofont-J.png in Resources */,
				0BD76CCF156F27CE0013340F /* mofont-K.png in Resources */,
				0BD76CD0156F27CE0013340F /* mofont-L.png in Resources */,
				0BD76CD1156F27CE0013340F /* mofont-M.png in Resources */,
				0BD76CD2156F27CE0013340F /* mofont-N.png in Resources */,
				0BD76CD3156F27CE0013340F /* mofont-O.png in Resources */,
				0BD76CD4156F27CE0013340F /* mofont-P.png in Resources */,
				0BD76CD5156F27CE0013340F /* mofont-period.png in Resources */,
				0BD76CD6156F27CE0013340F /* mofont-Q.png in Resources */,
				0BD76CD7156F27CE0013340F /* mofont-R.png in Resources */,
				0BD76CD8156F27CE0013340F /* mofont-S.png in Resources */,
				0BD76CD9156F27CE0013340F /* mofont-T.png in Resources */,
				0BD76CDA156F27CE0013340F /* mofont-U.png in Resources */,
				0BD76CDB156F27CE0013340F /* mofont-V.png in Resources */,
				0BD76CDC156F27CE0013340F /* mofont-W.png in Resources */,
				0BD76CDD156F27CE0013340F /* mofont-X.png in Resources */,
				0BD76CDE156F27CE0013340F /* mofont-Y.png in Resources */,
				0BD76CDF156F27CE0013340F /* mofont-Z.png in Resources */,
				0BD76CE1156F287B0013340F /* mofont-!.png in Resources */,
				0BD76CE6156F2D0F0013340F /* mofont-3.png in Resources */,
				0BD76CE7156F2D0F0013340F /* mofont-2.png in Resources */,
				0BD76CE8156F2D0F0013340F /* mofont-4.png in Resources */,
				0BD76CE9156F2D0F0013340F /* mofont-1.png in Resources */,
				0BD76CEB156F2D620013340F /* mofont-0.png in Resources */,
			);
			runOnlyForDeploymentPostprocessing = 0;
		};
/* End PBXResourcesBuildPhase section */

/* Begin PBXSourcesBuildPhase section */
		0B962976156C55AA00364573 /* Sources */ = {
			isa = PBXSourcesBuildPhase;
			buildActionMask = 2147483647;
			files = (
				0B96298F156C55AA00364573 /* main.m in Sources */,
				0B962993156C55AA00364573 /* AppDelegate.m in Sources */,
				0B96299A156C55AA00364573 /* ViewController.m in Sources */,
				0B9629C1156C588600364573 /* SpriteHandler.m in Sources */,
				0B9629CD156C7CC900364573 /* MapHandler.m in Sources */,
				0B9629CE156C7CC900364573 /* MapObjectLinkedList.m in Sources */,
				0B9629D1156C7CD300364573 /* MapObject.m in Sources */,
				0BEA4B54156D9F3300B24931 /* WayPointList.m in Sources */,
				0BD76C9B156F13F20013340F /* HUDNotificationHandler.m in Sources */,
				0BD76C9E156F1A600013340F /* HUDMessageList.m in Sources */,
			);
			runOnlyForDeploymentPostprocessing = 0;
		};
/* End PBXSourcesBuildPhase section */

/* Begin PBXVariantGroup section */
		0B96298B156C55AA00364573 /* InfoPlist.strings */ = {
			isa = PBXVariantGroup;
			children = (
				0B96298C156C55AA00364573 /* en */,
			);
			name = InfoPlist.strings;
			sourceTree = "<group>";
		};
		0B96299B156C55AA00364573 /* ViewController.xib */ = {
			isa = PBXVariantGroup;
			children = (
				0B96299C156C55AA00364573 /* en */,
			);
			name = ViewController.xib;
			sourceTree = "<group>";
		};
/* End PBXVariantGroup section */

/* Begin XCBuildConfiguration section */
		0B96299E156C55AA00364573 /* Debug */ = {
			isa = XCBuildConfiguration;
			buildSettings = {
				ALWAYS_SEARCH_USER_PATHS = NO;
				ARCHS = "$(ARCHS_STANDARD_32_BIT)";
				CLANG_ENABLE_OBJC_ARC = YES;
				"CODE_SIGN_IDENTITY[sdk=iphoneos*]" = "iPhone Developer";
				COPY_PHASE_STRIP = NO;
				GCC_C_LANGUAGE_STANDARD = gnu99;
				GCC_DYNAMIC_NO_PIC = NO;
				GCC_OPTIMIZATION_LEVEL = 0;
				GCC_PREPROCESSOR_DEFINITIONS = (
					"DEBUG=1",
					"$(inherited)",
				);
				GCC_SYMBOLS_PRIVATE_EXTERN = NO;
				GCC_VERSION = com.apple.compilers.llvm.clang.1_0;
				GCC_WARN_ABOUT_RETURN_TYPE = YES;
				GCC_WARN_UNINITIALIZED_AUTOS = YES;
				GCC_WARN_UNUSED_VARIABLE = YES;
				IPHONEOS_DEPLOYMENT_TARGET = 5.1;
				SDKROOT = iphoneos;
			};
			name = Debug;
		};
		0B96299F156C55AA00364573 /* Release */ = {
			isa = XCBuildConfiguration;
			buildSettings = {
				ALWAYS_SEARCH_USER_PATHS = NO;
				ARCHS = "$(ARCHS_STANDARD_32_BIT)";
				CLANG_ENABLE_OBJC_ARC = YES;
				"CODE_SIGN_IDENTITY[sdk=iphoneos*]" = "iPhone Developer";
				COPY_PHASE_STRIP = YES;
				GCC_C_LANGUAGE_STANDARD = gnu99;
				GCC_VERSION = com.apple.compilers.llvm.clang.1_0;
				GCC_WARN_ABOUT_RETURN_TYPE = YES;
				GCC_WARN_UNINITIALIZED_AUTOS = YES;
				GCC_WARN_UNUSED_VARIABLE = YES;
				IPHONEOS_DEPLOYMENT_TARGET = 5.1;
				OTHER_CFLAGS = "-DNS_BLOCK_ASSERTIONS=1";
				SDKROOT = iphoneos;
				VALIDATE_PRODUCT = YES;
			};
			name = Release;
		};
		0B9629A1156C55AA00364573 /* Debug */ = {
			isa = XCBuildConfiguration;
			buildSettings = {
				GCC_PRECOMPILE_PREFIX_HEADER = YES;
				GCC_PREFIX_HEADER = "InternetFinderGL/InternetFinderGL-Prefix.pch";
				"GCC_THUMB_SUPPORT[arch=armv6]" = "";
				INFOPLIST_FILE = "InternetFinderGL/InternetFinderGL-Info.plist";
				PRODUCT_NAME = "$(TARGET_NAME)";
				WRAPPER_EXTENSION = app;
			};
			name = Debug;
		};
		0B9629A2156C55AA00364573 /* Release */ = {
			isa = XCBuildConfiguration;
			buildSettings = {
				GCC_PRECOMPILE_PREFIX_HEADER = YES;
				GCC_PREFIX_HEADER = "InternetFinderGL/InternetFinderGL-Prefix.pch";
				"GCC_THUMB_SUPPORT[arch=armv6]" = "";
				INFOPLIST_FILE = "InternetFinderGL/InternetFinderGL-Info.plist";
				PRODUCT_NAME = "$(TARGET_NAME)";
				WRAPPER_EXTENSION = app;
			};
			name = Release;
		};
/* End XCBuildConfiguration section */

/* Begin XCConfigurationList section */
		0B962974156C55AA00364573 /* Build configuration list for PBXProject "InternetFinderGL" */ = {
			isa = XCConfigurationList;
			buildConfigurations = (
				0B96299E156C55AA00364573 /* Debug */,
				0B96299F156C55AA00364573 /* Release */,
			);
			defaultConfigurationIsVisible = 0;
			defaultConfigurationName = Release;
		};
		0B9629A0156C55AA00364573 /* Build configuration list for PBXNativeTarget "InternetFinderGL" */ = {
			isa = XCConfigurationList;
			buildConfigurations = (
				0B9629A1156C55AA00364573 /* Debug */,
				0B9629A2156C55AA00364573 /* Release */,
			);
			defaultConfigurationIsVisible = 0;
			defaultConfigurationName = Release;
		};
/* End XCConfigurationList section */
	};
	rootObject = 0B962971156C55AA00364573 /* Project object */;
}
